
Microsoft Visual Studio Solution File, Format Version 12.00
# Visual Studio 15
VisualStudioVersion = 15.0.26730.15
MinimumVisualStudioVersion = 10.0.40219.1
Project("{8BC9CEB8-8B4A-11D0-8D11-00A0C91BC942}") = "SDIGUI", "SDIGUI\SDIGUI.vcxproj", "{03B8BCAD-8A8D-46BE-B6D5-F542447C501D}"
EndProject
Global
	GlobalSection(SolutionConfigurationPlatforms) = preSolution
		Debug|x64 = Debug|x64
		Debug|x86 = Debug|x86
		Release|x64 = Release|x64
		Release|x86 = Release|x86
	EndGlobalSection
	GlobalSection(ProjectConfigurationPlatforms) = postSolution
		{03B8BCAD-8A8D-46BE-B6D5-F542447C501D}.Debug|x64.ActiveCfg = Debug|x64
		{03B8BCAD-8A8D-46BE-B6D5-F542447C501D}.Debug|x64.Build.0 = Debug|x64
		{03B8BCAD-8A8D-46BE-B6D5-F542447C501D}.Debug|x86.ActiveCfg = Debug|Win32
		{03B8BCAD-8A8D-46BE-B6D5-F542447C501D}.Debug|x86.Build.0 = Debug|Win32
		{03B8BCAD-8A8D-46BE-B6D5-F542447C501D}.Release|x64.ActiveCfg = Release|x64
		{03B8BCAD-8A8D-46BE-B6D5-F542447C501D}.Release|x64.Build.0 = Release|x64
		{03B8BCAD-8A8D-46BE-B6D5-F542447C501D}.Release|x86.ActiveCfg = Release|Win32
		{03B8BCAD-8A8D-46BE-B6D5-F542447C501D}.Release|x86.Build.0 = Release|Win32
	EndGlobalSection
	GlobalSection(SolutionProperties) = preSolution
		HideSolutionNode = FALSE
	EndGlobalSection
	GlobalSection(ExtensibilityGlobals) = postSolution
		SolutionGuid = {8626E0E1-C306-48FA-9E73-945D85725565}
	EndGlobalSection
EndGlobal
